
Microsoft Visual Studio Solution File, Format Version 12.00
# Visual Studio Version 16
VisualStudioVersion = 16.0.29911.84
MinimumVisualStudioVersion = 10.0.40219.1
Project("{FAE04EC0-301F-11D3-BF4B-00C04F79EFBC}") = "ChargerLotAndroid", "ChargerLotAndroid\ChargerLotAndroid.csproj", "{200357FF-F33A-45D3-ADE2-3BDEBFC5EFB3}"
EndProject
Project("{FAE04EC0-301F-11D3-BF4B-00C04F79EFBC}") = "ChargerLotLib", "ChargerLotLib\ChargerLotLib.csproj", "{E6F1FA8F-B353-43B6-BD9F-BA2192E10563}"
EndProject
Project("{FAE04EC0-301F-11D3-BF4B-00C04F79EFBC}") = "ChargerLotTests", "ChargerLotTests\ChargerLotTests.csproj", "{78A518AF-3991-4FD6-851F-950DDF4330E6}"
EndProject
Global
	GlobalSection(SolutionConfigurationPlatforms) = preSolution
		Debug|Any CPU = Debug|Any CPU
		Release|Any CPU = Release|Any CPU
	EndGlobalSection
	GlobalSection(ProjectConfigurationPlatforms) = postSolution
		{200357FF-F33A-45D3-ADE2-3BDEBFC5EFB3}.Debug|Any CPU.ActiveCfg = Debug|Any CPU
		{200357FF-F33A-45D3-ADE2-3BDEBFC5EFB3}.Debug|Any CPU.Build.0 = Debug|Any CPU
		{200357FF-F33A-45D3-ADE2-3BDEBFC5EFB3}.Debug|Any CPU.Deploy.0 = Debug|Any CPU
		{200357FF-F33A-45D3-ADE2-3BDEBFC5EFB3}.Release|Any CPU.ActiveCfg = Release|Any CPU
		{200357FF-F33A-45D3-ADE2-3BDEBFC5EFB3}.Release|Any CPU.Build.0 = Release|Any CPU
		{200357FF-F33A-45D3-ADE2-3BDEBFC5EFB3}.Release|Any CPU.Deploy.0 = Release|Any CPU
		{E6F1FA8F-B353-43B6-BD9F-BA2192E10563}.Debug|Any CPU.ActiveCfg = Debug|Any CPU
		{E6F1FA8F-B353-43B6-BD9F-BA2192E10563}.Debug|Any CPU.Build.0 = Debug|Any CPU
		{E6F1FA8F-B353-43B6-BD9F-BA2192E10563}.Release|Any CPU.ActiveCfg = Release|Any CPU
		{E6F1FA8F-B353-43B6-BD9F-BA2192E10563}.Release|Any CPU.Build.0 = Release|Any CPU
		{78A518AF-3991-4FD6-851F-950DDF4330E6}.Debug|Any CPU.ActiveCfg = Debug|Any CPU
		{78A518AF-3991-4FD6-851F-950DDF4330E6}.Debug|Any CPU.Build.0 = Debug|Any CPU
		{78A518AF-3991-4FD6-851F-950DDF4330E6}.Release|Any CPU.ActiveCfg = Release|Any CPU
		{78A518AF-3991-4FD6-851F-950DDF4330E6}.Release|Any CPU.Build.0 = Release|Any CPU
	EndGlobalSection
	GlobalSection(SolutionProperties) = preSolution
		HideSolutionNode = FALSE
	EndGlobalSection
	GlobalSection(ExtensibilityGlobals) = postSolution
		SolutionGuid = {6560E982-7670-4EB0-8E72-DF8555A5D7B0}
	EndGlobalSection
EndGlobal
